// !$*UTF8*$!
{
	archiveVersion = 1;
	classes = {
	};
	objectVersion = 50;
	objects = {

/* Begin PBXBuildFile section */
		4D7C8144A61A9CF88CB354AA /* Pods_EchoVideo.framework in Frameworks */ = {isa = PBXBuildFile; fileRef = CD948BE7758D5B2AEAA4D27B /* Pods_EchoVideo.framework */; };
		7A1BA751227E74C8001B1223 /* EVVideoListViewController.m in Sources */ = {isa = PBXBuildFile; fileRef = 7A1BA750227E74C8001B1223 /* EVVideoListViewController.m */; };
		7A1BA759227EE13C001B1223 /* EVHomeViewController.m in Sources */ = {isa = PBXBuildFile; fileRef = 7A1BA758227EE13C001B1223 /* EVHomeViewController.m */; };
		7A62D69C22811E4B000A25DF /* EVLoginViewController.m in Sources */ = {isa = PBXBuildFile; fileRef = 7A62D69B22811E4B000A25DF /* EVLoginViewController.m */; };
		7A62D6A022811E9C000A25DF /* EVNetwork.m in Sources */ = {isa = PBXBuildFile; fileRef = 7A62D69F22811E9C000A25DF /* EVNetwork.m */; };
		7A62D6A422811F06000A25DF /* EVLoginUserModel.m in Sources */ = {isa = PBXBuildFile; fileRef = 7A62D6A322811F06000A25DF /* EVLoginUserModel.m */; };
		7A62D6A722811F11000A25DF /* EVUserModel.m in Sources */ = {isa = PBXBuildFile; fileRef = 7A62D6A622811F11000A25DF /* EVUserModel.m */; };
		7A62D6AA22811F2E000A25DF /* EVWebApi.m in Sources */ = {isa = PBXBuildFile; fileRef = 7A62D6A922811F2E000A25DF /* EVWebApi.m */; };
		7A62D6AE22811FD7000A25DF /* NSDate+Help.m in Sources */ = {isa = PBXBuildFile; fileRef = 7A62D6AC22811FD7000A25DF /* NSDate+Help.m */; };
		7A62D6B1228123B0000A25DF /* EVNetwork+User.m in Sources */ = {isa = PBXBuildFile; fileRef = 7A62D6B0228123B0000A25DF /* EVNetwork+User.m */; };
		7A62D6B4228123BF000A25DF /* EVNetwork+Album.m in Sources */ = {isa = PBXBuildFile; fileRef = 7A62D6B3228123BF000A25DF /* EVNetwork+Album.m */; };
		7A62D6B7228123C6000A25DF /* EVNetwork+Video.m in Sources */ = {isa = PBXBuildFile; fileRef = 7A62D6B6228123C6000A25DF /* EVNetwork+Video.m */; };
		7A62D6BA22812462000A25DF /* NSString+NSHash.m in Sources */ = {isa = PBXBuildFile; fileRef = 7A62D6B822812462000A25DF /* NSString+NSHash.m */; };
		7A62D6BD22812535000A25DF /* UIColor+MWUtil.m in Sources */ = {isa = PBXBuildFile; fileRef = 7A62D6BC22812535000A25DF /* UIColor+MWUtil.m */; };
		7A62D6C02281257B000A25DF /* EVAlbumModel.m in Sources */ = {isa = PBXBuildFile; fileRef = 7A62D6BF2281257B000A25DF /* EVAlbumModel.m */; };
		7A62D6C32281261D000A25DF /* EVVideoModel.m in Sources */ = {isa = PBXBuildFile; fileRef = 7A62D6C22281261D000A25DF /* EVVideoModel.m */; };
		7A62D6D222815666000A25DF /* EVNewVideoView.m in Sources */ = {isa = PBXBuildFile; fileRef = 7A62D6D122815666000A25DF /* EVNewVideoView.m */; };
		7A62D6D622818580000A25DF /* EVPlayVideoViewController.m in Sources */ = {isa = PBXBuildFile; fileRef = 7A62D6D522818580000A25DF /* EVPlayVideoViewController.m */; };
		7A8332862277E14200493BA7 /* AppDelegate.m in Sources */ = {isa = PBXBuildFile; fileRef = 7A8332852277E14200493BA7 /* AppDelegate.m */; };
		7A83328E2277E14300493BA7 /* Assets.xcassets in Resources */ = {isa = PBXBuildFile; fileRef = 7A83328D2277E14300493BA7 /* Assets.xcassets */; };
		7A8332912277E14300493BA7 /* LaunchScreen.storyboard in Resources */ = {isa = PBXBuildFile; fileRef = 7A83328F2277E14300493BA7 /* LaunchScreen.storyboard */; };
		7A8332942277E14300493BA7 /* main.m in Sources */ = {isa = PBXBuildFile; fileRef = 7A8332932277E14300493BA7 /* main.m */; };
		7A8332A12277E45300493BA7 /* EVBaseViewController.m in Sources */ = {isa = PBXBuildFile; fileRef = 7A8332A02277E45300493BA7 /* EVBaseViewController.m */; };
		7A9DF81E2282701500434AF2 /* MWPlayerBottomView.m in Sources */ = {isa = PBXBuildFile; fileRef = 7A9DF8102282701500434AF2 /* MWPlayerBottomView.m */; };
		7A9DF81F2282701500434AF2 /* MWPlayerProgressView.m in Sources */ = {isa = PBXBuildFile; fileRef = 7A9DF8112282701500434AF2 /* MWPlayerProgressView.m */; };
		7A9DF8202282701500434AF2 /* MWPlayerInfo.m in Sources */ = {isa = PBXBuildFile; fileRef = 7A9DF8122282701500434AF2 /* MWPlayerInfo.m */; };
		7A9DF8212282701500434AF2 /* MWPlayerCoverView.m in Sources */ = {isa = PBXBuildFile; fileRef = 7A9DF8132282701500434AF2 /* MWPlayerCoverView.m */; };
		7A9DF8222282701500434AF2 /* MWPlayerView.m in Sources */ = {isa = PBXBuildFile; fileRef = 7A9DF81B2282701500434AF2 /* MWPlayerView.m */; };
		7A9DF8232282701500434AF2 /* MWPlayerConfiguration.m in Sources */ = {isa = PBXBuildFile; fileRef = 7A9DF81D2282701500434AF2 /* MWPlayerConfiguration.m */; };
		7A9DF827228273AA00434AF2 /* MWPopup.m in Sources */ = {isa = PBXBuildFile; fileRef = 7A9DF826228273AA00434AF2 /* MWPopup.m */; };
/* End PBXBuildFile section */

/* Begin PBXFileReference section */
		1585F8A18D2EA3333906E83F /* Pods-EchoVideo.debug.xcconfig */ = {isa = PBXFileReference; includeInIndex = 1; lastKnownFileType = text.xcconfig; name = "Pods-EchoVideo.debug.xcconfig"; path = "Pods/Target Support Files/Pods-EchoVideo/Pods-EchoVideo.debug.xcconfig"; sourceTree = "<group>"; };
		7A1BA74F227E74C8001B1223 /* EVVideoListViewController.h */ = {isa = PBXFileReference; lastKnownFileType = sourcecode.c.h; path = EVVideoListViewController.h; sourceTree = "<group>"; };
		7A1BA750227E74C8001B1223 /* EVVideoListViewController.m */ = {isa = PBXFileReference; lastKnownFileType = sourcecode.c.objc; path = EVVideoListViewController.m; sourceTree = "<group>"; };
		7A1BA757227EE13C001B1223 /* EVHomeViewController.h */ = {isa = PBXFileReference; lastKnownFileType = sourcecode.c.h; path = EVHomeViewController.h; sourceTree = "<group>"; };
		7A1BA758227EE13C001B1223 /* EVHomeViewController.m */ = {isa = PBXFileReference; lastKnownFileType = sourcecode.c.objc; path = EVHomeViewController.m; sourceTree = "<group>"; };
		7A62D69A22811E4B000A25DF /* EVLoginViewController.h */ = {isa = PBXFileReference; lastKnownFileType = sourcecode.c.h; path = EVLoginViewController.h; sourceTree = "<group>"; };
		7A62D69B22811E4B000A25DF /* EVLoginViewController.m */ = {isa = PBXFileReference; lastKnownFileType = sourcecode.c.objc; path = EVLoginViewController.m; sourceTree = "<group>"; };
		7A62D69E22811E9C000A25DF /* EVNetwork.h */ = {isa = PBXFileReference; lastKnownFileType = sourcecode.c.h; path = EVNetwork.h; sourceTree = "<group>"; };
		7A62D69F22811E9C000A25DF /* EVNetwork.m */ = {isa = PBXFileReference; lastKnownFileType = sourcecode.c.objc; path = EVNetwork.m; sourceTree = "<group>"; };
		7A62D6A222811F06000A25DF /* EVLoginUserModel.h */ = {isa = PBXFileReference; lastKnownFileType = sourcecode.c.h; path = EVLoginUserModel.h; sourceTree = "<group>"; };
		7A62D6A322811F06000A25DF /* EVLoginUserModel.m */ = {isa = PBXFileReference; lastKnownFileType = sourcecode.c.objc; path = EVLoginUserModel.m; sourceTree = "<group>"; };
		7A62D6A522811F11000A25DF /* EVUserModel.h */ = {isa = PBXFileReference; lastKnownFileType = sourcecode.c.h; path = EVUserModel.h; sourceTree = "<group>"; };
		7A62D6A622811F11000A25DF /* EVUserModel.m */ = {isa = PBXFileReference; lastKnownFileType = sourcecode.c.objc; path = EVUserModel.m; sourceTree = "<group>"; };
		7A62D6A822811F2E000A25DF /* EVWebApi.h */ = {isa = PBXFileReference; lastKnownFileType = sourcecode.c.h; path = EVWebApi.h; sourceTree = "<group>"; };
		7A62D6A922811F2E000A25DF /* EVWebApi.m */ = {isa = PBXFileReference; lastKnownFileType = sourcecode.c.objc; path = EVWebApi.m; sourceTree = "<group>"; };
		7A62D6AC22811FD7000A25DF /* NSDate+Help.m */ = {isa = PBXFileReference; fileEncoding = 4; lastKnownFileType = sourcecode.c.objc; path = "NSDate+Help.m"; sourceTree = "<group>"; };
		7A62D6AD22811FD7000A25DF /* NSDate+Help.h */ = {isa = PBXFileReference; fileEncoding = 4; lastKnownFileType = sourcecode.c.h; path = "NSDate+Help.h"; sourceTree = "<group>"; };
		7A62D6AF228123B0000A25DF /* EVNetwork+User.h */ = {isa = PBXFileReference; lastKnownFileType = sourcecode.c.h; path = "EVNetwork+User.h"; sourceTree = "<group>"; };
		7A62D6B0228123B0000A25DF /* EVNetwork+User.m */ = {isa = PBXFileReference; lastKnownFileType = sourcecode.c.objc; path = "EVNetwork+User.m"; sourceTree = "<group>"; };
		7A62D6B2228123BF000A25DF /* EVNetwork+Album.h */ = {isa = PBXFileReference; lastKnownFileType = sourcecode.c.h; path = "EVNetwork+Album.h"; sourceTree = "<group>"; };
		7A62D6B3228123BF000A25DF /* EVNetwork+Album.m */ = {isa = PBXFileReference; lastKnownFileType = sourcecode.c.objc; path = "EVNetwork+Album.m"; sourceTree = "<group>"; };
		7A62D6B5228123C6000A25DF /* EVNetwork+Video.h */ = {isa = PBXFileReference; lastKnownFileType = sourcecode.c.h; path = "EVNetwork+Video.h"; sourceTree = "<group>"; };
		7A62D6B6228123C6000A25DF /* EVNetwork+Video.m */ = {isa = PBXFileReference; lastKnownFileType = sourcecode.c.objc; path = "EVNetwork+Video.m"; sourceTree = "<group>"; };
		7A62D6B822812462000A25DF /* NSString+NSHash.m */ = {isa = PBXFileReference; fileEncoding = 4; lastKnownFileType = sourcecode.c.objc; path = "NSString+NSHash.m"; sourceTree = "<group>"; };
		7A62D6B922812462000A25DF /* NSString+NSHash.h */ = {isa = PBXFileReference; fileEncoding = 4; lastKnownFileType = sourcecode.c.h; path = "NSString+NSHash.h"; sourceTree = "<group>"; };
		7A62D6BB22812534000A25DF /* UIColor+MWUtil.h */ = {isa = PBXFileReference; fileEncoding = 4; lastKnownFileType = sourcecode.c.h; path = "UIColor+MWUtil.h"; sourceTree = "<group>"; };
		7A62D6BC22812535000A25DF /* UIColor+MWUtil.m */ = {isa = PBXFileReference; fileEncoding = 4; lastKnownFileType = sourcecode.c.objc; path = "UIColor+MWUtil.m"; sourceTree = "<group>"; };
		7A62D6BE2281257B000A25DF /* EVAlbumModel.h */ = {isa = PBXFileReference; lastKnownFileType = sourcecode.c.h; path = EVAlbumModel.h; sourceTree = "<group>"; };
		7A62D6BF2281257B000A25DF /* EVAlbumModel.m */ = {isa = PBXFileReference; lastKnownFileType = sourcecode.c.objc; path = EVAlbumModel.m; sourceTree = "<group>"; };
		7A62D6C12281261D000A25DF /* EVVideoModel.h */ = {isa = PBXFileReference; lastKnownFileType = sourcecode.c.h; path = EVVideoModel.h; sourceTree = "<group>"; };
		7A62D6C22281261D000A25DF /* EVVideoModel.m */ = {isa = PBXFileReference; lastKnownFileType = sourcecode.c.objc; path = EVVideoModel.m; sourceTree = "<group>"; };
		7A62D6CE22813149000A25DF /* Constant.h */ = {isa = PBXFileReference; lastKnownFileType = sourcecode.c.h; path = Constant.h; sourceTree = "<group>"; };
		7A62D6D022815666000A25DF /* EVNewVideoView.h */ = {isa = PBXFileReference; lastKnownFileType = sourcecode.c.h; path = EVNewVideoView.h; sourceTree = "<group>"; };
		7A62D6D122815666000A25DF /* EVNewVideoView.m */ = {isa = PBXFileReference; lastKnownFileType = sourcecode.c.objc; path = EVNewVideoView.m; sourceTree = "<group>"; };
		7A62D6D422818580000A25DF /* EVPlayVideoViewController.h */ = {isa = PBXFileReference; lastKnownFileType = sourcecode.c.h; path = EVPlayVideoViewController.h; sourceTree = "<group>"; };
		7A62D6D522818580000A25DF /* EVPlayVideoViewController.m */ = {isa = PBXFileReference; lastKnownFileType = sourcecode.c.objc; path = EVPlayVideoViewController.m; sourceTree = "<group>"; };
		7A8332812277E14200493BA7 /* EchoVideo.app */ = {isa = PBXFileReference; explicitFileType = wrapper.application; includeInIndex = 0; path = EchoVideo.app; sourceTree = BUILT_PRODUCTS_DIR; };
		7A8332842277E14200493BA7 /* AppDelegate.h */ = {isa = PBXFileReference; lastKnownFileType = sourcecode.c.h; path = AppDelegate.h; sourceTree = "<group>"; };
		7A8332852277E14200493BA7 /* AppDelegate.m */ = {isa = PBXFileReference; lastKnownFileType = sourcecode.c.objc; path = AppDelegate.m; sourceTree = "<group>"; };
		7A83328D2277E14300493BA7 /* Assets.xcassets */ = {isa = PBXFileReference; lastKnownFileType = folder.assetcatalog; path = Assets.xcassets; sourceTree = "<group>"; };
		7A8332902277E14300493BA7 /* Base */ = {isa = PBXFileReference; lastKnownFileType = file.storyboard; name = Base; path = Base.lproj/LaunchScreen.storyboard; sourceTree = "<group>"; };
		7A8332922277E14300493BA7 /* Info.plist */ = {isa = PBXFileReference; lastKnownFileType = text.plist.xml; path = Info.plist; sourceTree = "<group>"; };
		7A8332932277E14300493BA7 /* main.m */ = {isa = PBXFileReference; lastKnownFileType = sourcecode.c.objc; path = main.m; sourceTree = "<group>"; };
		7A83329F2277E45300493BA7 /* EVBaseViewController.h */ = {isa = PBXFileReference; fileEncoding = 4; lastKnownFileType = sourcecode.c.h; path = EVBaseViewController.h; sourceTree = "<group>"; };
		7A8332A02277E45300493BA7 /* EVBaseViewController.m */ = {isa = PBXFileReference; fileEncoding = 4; lastKnownFileType = sourcecode.c.objc; path = EVBaseViewController.m; sourceTree = "<group>"; };
		7A9DF8102282701500434AF2 /* MWPlayerBottomView.m */ = {isa = PBXFileReference; fileEncoding = 4; lastKnownFileType = sourcecode.c.objc; path = MWPlayerBottomView.m; sourceTree = "<group>"; };
		7A9DF8112282701500434AF2 /* MWPlayerProgressView.m */ = {isa = PBXFileReference; fileEncoding = 4; lastKnownFileType = sourcecode.c.objc; path = MWPlayerProgressView.m; sourceTree = "<group>"; };
		7A9DF8122282701500434AF2 /* MWPlayerInfo.m */ = {isa = PBXFileReference; fileEncoding = 4; lastKnownFileType = sourcecode.c.objc; path = MWPlayerInfo.m; sourceTree = "<group>"; };
		7A9DF8132282701500434AF2 /* MWPlayerCoverView.m */ = {isa = PBXFileReference; fileEncoding = 4; lastKnownFileType = sourcecode.c.objc; path = MWPlayerCoverView.m; sourceTree = "<group>"; };
		7A9DF8142282701500434AF2 /* MWPlayerView.h */ = {isa = PBXFileReference; fileEncoding = 4; lastKnownFileType = sourcecode.c.h; path = MWPlayerView.h; sourceTree = "<group>"; };
		7A9DF8152282701500434AF2 /* MWPlayerConfiguration.h */ = {isa = PBXFileReference; fileEncoding = 4; lastKnownFileType = sourcecode.c.h; path = MWPlayerConfiguration.h; sourceTree = "<group>"; };
		7A9DF8162282701500434AF2 /* MWPlayerLoadingProtocol.h */ = {isa = PBXFileReference; fileEncoding = 4; lastKnownFileType = sourcecode.c.h; path = MWPlayerLoadingProtocol.h; sourceTree = "<group>"; };
		7A9DF8172282701500434AF2 /* MWPlayerCoverView.h */ = {isa = PBXFileReference; fileEncoding = 4; lastKnownFileType = sourcecode.c.h; path = MWPlayerCoverView.h; sourceTree = "<group>"; };
		7A9DF8182282701500434AF2 /* MWPlayerInfo.h */ = {isa = PBXFileReference; fileEncoding = 4; lastKnownFileType = sourcecode.c.h; path = MWPlayerInfo.h; sourceTree = "<group>"; };
		7A9DF8192282701500434AF2 /* MWPlayerProgressView.h */ = {isa = PBXFileReference; fileEncoding = 4; lastKnownFileType = sourcecode.c.h; path = MWPlayerProgressView.h; sourceTree = "<group>"; };
		7A9DF81A2282701500434AF2 /* MWPlayerBottomView.h */ = {isa = PBXFileReference; fileEncoding = 4; lastKnownFileType = sourcecode.c.h; path = MWPlayerBottomView.h; sourceTree = "<group>"; };
		7A9DF81B2282701500434AF2 /* MWPlayerView.m */ = {isa = PBXFileReference; fileEncoding = 4; lastKnownFileType = sourcecode.c.objc; path = MWPlayerView.m; sourceTree = "<group>"; };
		7A9DF81C2282701500434AF2 /* MWDefines.h */ = {isa = PBXFileReference; fileEncoding = 4; lastKnownFileType = sourcecode.c.h; path = MWDefines.h; sourceTree = "<group>"; };
		7A9DF81D2282701500434AF2 /* MWPlayerConfiguration.m */ = {isa = PBXFileReference; fileEncoding = 4; lastKnownFileType = sourcecode.c.objc; path = MWPlayerConfiguration.m; sourceTree = "<group>"; };
		7A9DF825228273AA00434AF2 /* MWPopup.h */ = {isa = PBXFileReference; lastKnownFileType = sourcecode.c.h; path = MWPopup.h; sourceTree = "<group>"; };
		7A9DF826228273AA00434AF2 /* MWPopup.m */ = {isa = PBXFileReference; lastKnownFileType = sourcecode.c.objc; path = MWPopup.m; sourceTree = "<group>"; };
		9F150051DAC68DF6DD99F236 /* Pods-EchoVideo.release.xcconfig */ = {isa = PBXFileReference; includeInIndex = 1; lastKnownFileType = text.xcconfig; name = "Pods-EchoVideo.release.xcconfig"; path = "Pods/Target Support Files/Pods-EchoVideo/Pods-EchoVideo.release.xcconfig"; sourceTree = "<group>"; };
		CD948BE7758D5B2AEAA4D27B /* Pods_EchoVideo.framework */ = {isa = PBXFileReference; explicitFileType = wrapper.framework; includeInIndex = 0; path = Pods_EchoVideo.framework; sourceTree = BUILT_PRODUCTS_DIR; };
/* End PBXFileReference section */

/* Begin PBXFrameworksBuildPhase section */
		7A83327E2277E14200493BA7 /* Frameworks */ = {
			isa = PBXFrameworksBuildPhase;
			buildActionMask = 2147483647;
			files = (
				4D7C8144A61A9CF88CB354AA /* Pods_EchoVideo.framework in Frameworks */,
			);
			runOnlyForDeploymentPostprocessing = 0;
		};
/* End PBXFrameworksBuildPhase section */

/* Begin PBXGroup section */
		1A9034F32B90BFC920722512 /* Pods */ = {
			isa = PBXGroup;
			children = (
				1585F8A18D2EA3333906E83F /* Pods-EchoVideo.debug.xcconfig */,
				9F150051DAC68DF6DD99F236 /* Pods-EchoVideo.release.xcconfig */,
			);
			name = Pods;
			sourceTree = "<group>";
		};
		29B8BBF5E289EBE46F4F7C2A /* Frameworks */ = {
			isa = PBXGroup;
			children = (
				CD948BE7758D5B2AEAA4D27B /* Pods_EchoVideo.framework */,
			);
			name = Frameworks;
			sourceTree = "<group>";
		};
		7A1BA74E227E74B8001B1223 /* VideoList */ = {
			isa = PBXGroup;
			children = (
				7A62D6CF22815652000A25DF /* View */,
				7A1BA74F227E74C8001B1223 /* EVVideoListViewController.h */,
				7A1BA750227E74C8001B1223 /* EVVideoListViewController.m */,
			);
			path = VideoList;
			sourceTree = "<group>";
		};
		7A1BA756227EE12F001B1223 /* Home */ = {
			isa = PBXGroup;
			children = (
				7A1BA757227EE13C001B1223 /* EVHomeViewController.h */,
				7A1BA758227EE13C001B1223 /* EVHomeViewController.m */,
			);
			path = Home;
			sourceTree = "<group>";
		};
		7A62D69922811E3A000A25DF /* Login */ = {
			isa = PBXGroup;
			children = (
				7A62D69A22811E4B000A25DF /* EVLoginViewController.h */,
				7A62D69B22811E4B000A25DF /* EVLoginViewController.m */,
			);
			path = Login;
			sourceTree = "<group>";
		};
		7A62D69D22811E89000A25DF /* Network */ = {
			isa = PBXGroup;
			children = (
				7A62D69E22811E9C000A25DF /* EVNetwork.h */,
				7A62D69F22811E9C000A25DF /* EVNetwork.m */,
				7A62D6A822811F2E000A25DF /* EVWebApi.h */,
				7A62D6A922811F2E000A25DF /* EVWebApi.m */,
				7A62D6AF228123B0000A25DF /* EVNetwork+User.h */,
				7A62D6B0228123B0000A25DF /* EVNetwork+User.m */,
				7A62D6B2228123BF000A25DF /* EVNetwork+Album.h */,
				7A62D6B3228123BF000A25DF /* EVNetwork+Album.m */,
				7A62D6B5228123C6000A25DF /* EVNetwork+Video.h */,
				7A62D6B6228123C6000A25DF /* EVNetwork+Video.m */,
			);
			path = Network;
			sourceTree = "<group>";
		};
		7A62D6A122811EF6000A25DF /* Model */ = {
			isa = PBXGroup;
			children = (
				7A62D6A222811F06000A25DF /* EVLoginUserModel.h */,
				7A62D6A322811F06000A25DF /* EVLoginUserModel.m */,
				7A62D6A522811F11000A25DF /* EVUserModel.h */,
				7A62D6A622811F11000A25DF /* EVUserModel.m */,
				7A62D6BE2281257B000A25DF /* EVAlbumModel.h */,
				7A62D6BF2281257B000A25DF /* EVAlbumModel.m */,
				7A62D6C12281261D000A25DF /* EVVideoModel.h */,
				7A62D6C22281261D000A25DF /* EVVideoModel.m */,
			);
			path = Model;
			sourceTree = "<group>";
		};
		7A62D6AB22811FCE000A25DF /* Category */ = {
			isa = PBXGroup;
			children = (
				7A62D6B922812462000A25DF /* NSString+NSHash.h */,
				7A62D6B822812462000A25DF /* NSString+NSHash.m */,
				7A62D6AD22811FD7000A25DF /* NSDate+Help.h */,
				7A62D6AC22811FD7000A25DF /* NSDate+Help.m */,
				7A62D6BB22812534000A25DF /* UIColor+MWUtil.h */,
				7A62D6BC22812535000A25DF /* UIColor+MWUtil.m */,
			);
			path = Category;
			sourceTree = "<group>";
		};
		7A62D6CD22813141000A25DF /* Constant */ = {
			isa = PBXGroup;
			children = (
				7A62D6CE22813149000A25DF /* Constant.h */,
			);
			path = Constant;
			sourceTree = "<group>";
		};
		7A62D6CF22815652000A25DF /* View */ = {
			isa = PBXGroup;
			children = (
				7A62D6D022815666000A25DF /* EVNewVideoView.h */,
				7A62D6D122815666000A25DF /* EVNewVideoView.m */,
			);
			path = View;
			sourceTree = "<group>";
		};
		7A62D6D32281856C000A25DF /* PlayVideo */ = {
			isa = PBXGroup;
			children = (
				7A62D6D422818580000A25DF /* EVPlayVideoViewController.h */,
				7A62D6D522818580000A25DF /* EVPlayVideoViewController.m */,
			);
			path = PlayVideo;
			sourceTree = "<group>";
		};
		7A8332782277E14200493BA7 = {
			isa = PBXGroup;
			children = (
				7A8332832277E14200493BA7 /* EchoVideo */,
				7A8332822277E14200493BA7 /* Products */,
				1A9034F32B90BFC920722512 /* Pods */,
				29B8BBF5E289EBE46F4F7C2A /* Frameworks */,
			);
			sourceTree = "<group>";
		};
		7A8332822277E14200493BA7 /* Products */ = {
			isa = PBXGroup;
			children = (
				7A8332812277E14200493BA7 /* EchoVideo.app */,
			);
			name = Products;
			sourceTree = "<group>";
		};
		7A8332832277E14200493BA7 /* EchoVideo */ = {
			isa = PBXGroup;
			children = (
				7A8332842277E14200493BA7 /* AppDelegate.h */,
				7A8332852277E14200493BA7 /* AppDelegate.m */,
				7A83329D2277E45300493BA7 /* Classes */,
				7A83328D2277E14300493BA7 /* Assets.xcassets */,
				7A83328F2277E14300493BA7 /* LaunchScreen.storyboard */,
				7A8332922277E14300493BA7 /* Info.plist */,
				7A8332932277E14300493BA7 /* main.m */,
			);
			path = EchoVideo;
			sourceTree = "<group>";
		};
		7A83329D2277E45300493BA7 /* Classes */ = {
			isa = PBXGroup;
			children = (
				7A9DF80E2282701500434AF2 /* Component */,
				7A62D6CD22813141000A25DF /* Constant */,
				7A62D6AB22811FCE000A25DF /* Category */,
				7A62D6A122811EF6000A25DF /* Model */,
				7A62D69D22811E89000A25DF /* Network */,
				7A62D69922811E3A000A25DF /* Login */,
				7A1BA756227EE12F001B1223 /* Home */,
				7A1BA74E227E74B8001B1223 /* VideoList */,
				7A62D6D32281856C000A25DF /* PlayVideo */,
				7A83329E2277E45300493BA7 /* Base */,
			);
			path = Classes;
			sourceTree = "<group>";
		};
		7A83329E2277E45300493BA7 /* Base */ = {
			isa = PBXGroup;
			children = (
				7A83329F2277E45300493BA7 /* EVBaseViewController.h */,
				7A8332A02277E45300493BA7 /* EVBaseViewController.m */,
			);
			path = Base;
			sourceTree = "<group>";
		};
		7A9DF80E2282701500434AF2 /* Component */ = {
			isa = PBXGroup;
			children = (
				7A9DF8242282730500434AF2 /* MWPopup */,
				7A9DF80F2282701500434AF2 /* MWPlayer */,
			);
			path = Component;
			sourceTree = "<group>";
		};
		7A9DF80F2282701500434AF2 /* MWPlayer */ = {
			isa = PBXGroup;
			children = (
				7A9DF8102282701500434AF2 /* MWPlayerBottomView.m */,
				7A9DF8112282701500434AF2 /* MWPlayerProgressView.m */,
				7A9DF8122282701500434AF2 /* MWPlayerInfo.m */,
				7A9DF8132282701500434AF2 /* MWPlayerCoverView.m */,
				7A9DF8142282701500434AF2 /* MWPlayerView.h */,
				7A9DF8152282701500434AF2 /* MWPlayerConfiguration.h */,
				7A9DF8162282701500434AF2 /* MWPlayerLoadingProtocol.h */,
				7A9DF8172282701500434AF2 /* MWPlayerCoverView.h */,
				7A9DF8182282701500434AF2 /* MWPlayerInfo.h */,
				7A9DF8192282701500434AF2 /* MWPlayerProgressView.h */,
				7A9DF81A2282701500434AF2 /* MWPlayerBottomView.h */,
				7A9DF81B2282701500434AF2 /* MWPlayerView.m */,
				7A9DF81C2282701500434AF2 /* MWDefines.h */,
				7A9DF81D2282701500434AF2 /* MWPlayerConfiguration.m */,
			);
			path = MWPlayer;
			sourceTree = "<group>";
		};
		7A9DF8242282730500434AF2 /* MWPopup */ = {
			isa = PBXGroup;
			children = (
				7A9DF825228273AA00434AF2 /* MWPopup.h */,
				7A9DF826228273AA00434AF2 /* MWPopup.m */,
			);
			path = MWPopup;
			sourceTree = "<group>";
		};
/* End PBXGroup section */

/* Begin PBXNativeTarget section */
		7A8332802277E14200493BA7 /* EchoVideo */ = {
			isa = PBXNativeTarget;
			buildConfigurationList = 7A8332972277E14300493BA7 /* Build configuration list for PBXNativeTarget "EchoVideo" */;
			buildPhases = (
				56B8CFA9DED398D0B4C4C136 /* [CP] Check Pods Manifest.lock */,
				7A83327D2277E14200493BA7 /* Sources */,
				7A83327E2277E14200493BA7 /* Frameworks */,
				7A83327F2277E14200493BA7 /* Resources */,
				BBCE69CA3F52B30D1C5D9CFF /* [CP] Embed Pods Frameworks */,
			);
			buildRules = (
			);
			dependencies = (
			);
			name = EchoVideo;
			productName = EchoVideo;
			productReference = 7A8332812277E14200493BA7 /* EchoVideo.app */;
			productType = "com.apple.product-type.application";
		};
/* End PBXNativeTarget section */

/* Begin PBXProject section */
		7A8332792277E14200493BA7 /* Project object */ = {
			isa = PBXProject;
			attributes = {
				LastUpgradeCheck = 1010;
				ORGANIZATIONNAME = "聽風入髓";
				TargetAttributes = {
					7A8332802277E14200493BA7 = {
						CreatedOnToolsVersion = 10.1;
					};
				};
			};
			buildConfigurationList = 7A83327C2277E14200493BA7 /* Build configuration list for PBXProject "EchoVideo" */;
			compatibilityVersion = "Xcode 9.3";
			developmentRegion = en;
			hasScannedForEncodings = 0;
			knownRegions = (
				en,
				Base,
			);
			mainGroup = 7A8332782277E14200493BA7;
			productRefGroup = 7A8332822277E14200493BA7 /* Products */;
			projectDirPath = "";
			projectRoot = "";
			targets = (
				7A8332802277E14200493BA7 /* EchoVideo */,
			);
		};
/* End PBXProject section */

/* Begin PBXResourcesBuildPhase section */
		7A83327F2277E14200493BA7 /* Resources */ = {
			isa = PBXResourcesBuildPhase;
			buildActionMask = 2147483647;
			files = (
				7A8332912277E14300493BA7 /* LaunchScreen.storyboard in Resources */,
				7A83328E2277E14300493BA7 /* Assets.xcassets in Resources */,
			);
			runOnlyForDeploymentPostprocessing = 0;
		};
/* End PBXResourcesBuildPhase section */

/* Begin PBXShellScriptBuildPhase section */
		56B8CFA9DED398D0B4C4C136 /* [CP] Check Pods Manifest.lock */ = {
			isa = PBXShellScriptBuildPhase;
			buildActionMask = 2147483647;
			files = (
			);
			inputFileListPaths = (
			);
			inputPaths = (
				"${PODS_PODFILE_DIR_PATH}/Podfile.lock",
				"${PODS_ROOT}/Manifest.lock",
			);
			name = "[CP] Check Pods Manifest.lock";
			outputFileListPaths = (
			);
			outputPaths = (
				"$(DERIVED_FILE_DIR)/Pods-EchoVideo-checkManifestLockResult.txt",
			);
			runOnlyForDeploymentPostprocessing = 0;
			shellPath = /bin/sh;
			shellScript = "diff \"${PODS_PODFILE_DIR_PATH}/Podfile.lock\" \"${PODS_ROOT}/Manifest.lock\" > /dev/null\nif [ $? != 0 ] ; then\n    # print error to STDERR\n    echo \"error: The sandbox is not in sync with the Podfile.lock. Run 'pod install' or update your CocoaPods installation.\" >&2\n    exit 1\nfi\n# This output is used by Xcode 'outputs' to avoid re-running this script phase.\necho \"SUCCESS\" > \"${SCRIPT_OUTPUT_FILE_0}\"\n";
			showEnvVarsInLog = 0;
		};
		BBCE69CA3F52B30D1C5D9CFF /* [CP] Embed Pods Frameworks */ = {
			isa = PBXShellScriptBuildPhase;
			buildActionMask = 2147483647;
			files = (
			);
			inputFileListPaths = (
			);
			inputPaths = (
			);
			name = "[CP] Embed Pods Frameworks";
			outputFileListPaths = (
			);
			outputPaths = (
			);
			runOnlyForDeploymentPostprocessing = 0;
			shellPath = /bin/sh;
			shellScript = "\"${SRCROOT}/Pods/Target Support Files/Pods-EchoVideo/Pods-EchoVideo-frameworks.sh\"\n";
			showEnvVarsInLog = 0;
		};
/* End PBXShellScriptBuildPhase section */

/* Begin PBXSourcesBuildPhase section */
		7A83327D2277E14200493BA7 /* Sources */ = {
			isa = PBXSourcesBuildPhase;
			buildActionMask = 2147483647;
			files = (
				7A62D6B4228123BF000A25DF /* EVNetwork+Album.m in Sources */,
				7A9DF8232282701500434AF2 /* MWPlayerConfiguration.m in Sources */,
				7A62D6A722811F11000A25DF /* EVUserModel.m in Sources */,
				7A62D6BD22812535000A25DF /* UIColor+MWUtil.m in Sources */,
				7A62D6BA22812462000A25DF /* NSString+NSHash.m in Sources */,
				7A8332A12277E45300493BA7 /* EVBaseViewController.m in Sources */,
				7A9DF8222282701500434AF2 /* MWPlayerView.m in Sources */,
				7A62D6C02281257B000A25DF /* EVAlbumModel.m in Sources */,
				7A9DF81E2282701500434AF2 /* MWPlayerBottomView.m in Sources */,
				7A1BA759227EE13C001B1223 /* EVHomeViewController.m in Sources */,
				7A62D6C32281261D000A25DF /* EVVideoModel.m in Sources */,
				7A62D6AE22811FD7000A25DF /* NSDate+Help.m in Sources */,
				7A62D6AA22811F2E000A25DF /* EVWebApi.m in Sources */,
				7A62D6B1228123B0000A25DF /* EVNetwork+User.m in Sources */,
				7A1BA751227E74C8001B1223 /* EVVideoListViewController.m in Sources */,
				7A8332942277E14300493BA7 /* main.m in Sources */,
				7A9DF827228273AA00434AF2 /* MWPopup.m in Sources */,
				7A62D6A422811F06000A25DF /* EVLoginUserModel.m in Sources */,
				7A62D6B7228123C6000A25DF /* EVNetwork+Video.m in Sources */,
				7A62D69C22811E4B000A25DF /* EVLoginViewController.m in Sources */,
				7A9DF8212282701500434AF2 /* MWPlayerCoverView.m in Sources */,
				7A62D6D622818580000A25DF /* EVPlayVideoViewController.m in Sources */,
				7A62D6D222815666000A25DF /* EVNewVideoView.m in Sources */,
				7A9DF8202282701500434AF2 /* MWPlayerInfo.m in Sources */,
				7A8332862277E14200493BA7 /* AppDelegate.m in Sources */,
				7A9DF81F2282701500434AF2 /* MWPlayerProgressView.m in Sources */,
				7A62D6A022811E9C000A25DF /* EVNetwork.m in Sources */,
			);
			runOnlyForDeploymentPostprocessing = 0;
		};
/* End PBXSourcesBuildPhase section */

/* Begin PBXVariantGroup section */
		7A83328F2277E14300493BA7 /* LaunchScreen.storyboard */ = {
			isa = PBXVariantGroup;
			children = (
				7A8332902277E14300493BA7 /* Base */,
			);
			name = LaunchScreen.storyboard;
			sourceTree = "<group>";
		};
/* End PBXVariantGroup section */

/* Begin XCBuildConfiguration section */
		7A8332952277E14300493BA7 /* Debug */ = {
			isa = XCBuildConfiguration;
			buildSettings = {
				ALWAYS_SEARCH_USER_PATHS = NO;
				CLANG_ANALYZER_NONNULL = YES;
				CLANG_ANALYZER_NUMBER_OBJECT_CONVERSION = YES_AGGRESSIVE;
				CLANG_CXX_LANGUAGE_STANDARD = "gnu++14";
				CLANG_CXX_LIBRARY = "libc++";
				CLANG_ENABLE_MODULES = YES;
				CLANG_ENABLE_OBJC_ARC = YES;
				CLANG_ENABLE_OBJC_WEAK = YES;
				CLANG_WARN_BLOCK_CAPTURE_AUTORELEASING = YES;
				CLANG_WARN_BOOL_CONVERSION = YES;
				CLANG_WARN_COMMA = YES;
				CLANG_WARN_CONSTANT_CONVERSION = YES;
				CLANG_WARN_DEPRECATED_OBJC_IMPLEMENTATIONS = YES;
				CLANG_WARN_DIRECT_OBJC_ISA_USAGE = YES_ERROR;
				CLANG_WARN_DOCUMENTATION_COMMENTS = YES;
				CLANG_WARN_EMPTY_BODY = YES;
				CLANG_WARN_ENUM_CONVERSION = YES;
				CLANG_WARN_INFINITE_RECURSION = YES;
				CLANG_WARN_INT_CONVERSION = YES;
				CLANG_WARN_NON_LITERAL_NULL_CONVERSION = YES;
				CLANG_WARN_OBJC_IMPLICIT_RETAIN_SELF = YES;
				CLANG_WARN_OBJC_LITERAL_CONVERSION = YES;
				CLANG_WARN_OBJC_ROOT_CLASS = YES_ERROR;
				CLANG_WARN_RANGE_LOOP_ANALYSIS = YES;
				CLANG_WARN_STRICT_PROTOTYPES = YES;
				CLANG_WARN_SUSPICIOUS_MOVE = YES;
				CLANG_WARN_UNGUARDED_AVAILABILITY = YES_AGGRESSIVE;
				CLANG_WARN_UNREACHABLE_CODE = YES;
				CLANG_WARN__DUPLICATE_METHOD_MATCH = YES;
				CODE_SIGN_IDENTITY = "iPhone Developer";
				COPY_PHASE_STRIP = NO;
				DEBUG_INFORMATION_FORMAT = dwarf;
				ENABLE_STRICT_OBJC_MSGSEND = YES;
				ENABLE_TESTABILITY = YES;
				GCC_C_LANGUAGE_STANDARD = gnu11;
				GCC_DYNAMIC_NO_PIC = NO;
				GCC_NO_COMMON_BLOCKS = YES;
				GCC_OPTIMIZATION_LEVEL = 0;
				GCC_PREPROCESSOR_DEFINITIONS = (
					"DEBUG=1",
					"$(inherited)",
				);
				GCC_WARN_64_TO_32_BIT_CONVERSION = YES;
				GCC_WARN_ABOUT_RETURN_TYPE = YES_ERROR;
				GCC_WARN_UNDECLARED_SELECTOR = YES;
				GCC_WARN_UNINITIALIZED_AUTOS = YES_AGGRESSIVE;
				GCC_WARN_UNUSED_FUNCTION = YES;
				GCC_WARN_UNUSED_VARIABLE = YES;
				IPHONEOS_DEPLOYMENT_TARGET = 12.1;
				MTL_ENABLE_DEBUG_INFO = INCLUDE_SOURCE;
				MTL_FAST_MATH = YES;
				ONLY_ACTIVE_ARCH = YES;
				SDKROOT = iphoneos;
			};
			name = Debug;
		};
		7A8332962277E14300493BA7 /* Release */ = {
			isa = XCBuildConfiguration;
			buildSettings = {
				ALWAYS_SEARCH_USER_PATHS = NO;
				CLANG_ANALYZER_NONNULL = YES;
				CLANG_ANALYZER_NUMBER_OBJECT_CONVERSION = YES_AGGRESSIVE;
				CLANG_CXX_LANGUAGE_STANDARD = "gnu++14";
				CLANG_CXX_LIBRARY = "libc++";
				CLANG_ENABLE_MODULES = YES;
				CLANG_ENABLE_OBJC_ARC = YES;
				CLANG_ENABLE_OBJC_WEAK = YES;
				CLANG_WARN_BLOCK_CAPTURE_AUTORELEASING = YES;
				CLANG_WARN_BOOL_CONVERSION = YES;
				CLANG_WARN_COMMA = YES;
				CLANG_WARN_CONSTANT_CONVERSION = YES;
				CLANG_WARN_DEPRECATED_OBJC_IMPLEMENTATIONS = YES;
				CLANG_WARN_DIRECT_OBJC_ISA_USAGE = YES_ERROR;
				CLANG_WARN_DOCUMENTATION_COMMENTS = YES;
				CLANG_WARN_EMPTY_BODY = YES;
				CLANG_WARN_ENUM_CONVERSION = YES;
				CLANG_WARN_INFINITE_RECURSION = YES;
				CLANG_WARN_INT_CONVERSION = YES;
				CLANG_WARN_NON_LITERAL_NULL_CONVERSION = YES;
				CLANG_WARN_OBJC_IMPLICIT_RETAIN_SELF = YES;
				CLANG_WARN_OBJC_LITERAL_CONVERSION = YES;
				CLANG_WARN_OBJC_ROOT_CLASS = YES_ERROR;
				CLANG_WARN_RANGE_LOOP_ANALYSIS = YES;
				CLANG_WARN_STRICT_PROTOTYPES = YES;
				CLANG_WARN_SUSPICIOUS_MOVE = YES;
				CLANG_WARN_UNGUARDED_AVAILABILITY = YES_AGGRESSIVE;
				CLANG_WARN_UNREACHABLE_CODE = YES;
				CLANG_WARN__DUPLICATE_METHOD_MATCH = YES;
				CODE_SIGN_IDENTITY = "iPhone Developer";
				COPY_PHASE_STRIP = NO;
				DEBUG_INFORMATION_FORMAT = "dwarf-with-dsym";
				ENABLE_NS_ASSERTIONS = NO;
				ENABLE_STRICT_OBJC_MSGSEND = YES;
				GCC_C_LANGUAGE_STANDARD = gnu11;
				GCC_NO_COMMON_BLOCKS = YES;
				GCC_WARN_64_TO_32_BIT_CONVERSION = YES;
				GCC_WARN_ABOUT_RETURN_TYPE = YES_ERROR;
				GCC_WARN_UNDECLARED_SELECTOR = YES;
				GCC_WARN_UNINITIALIZED_AUTOS = YES_AGGRESSIVE;
				GCC_WARN_UNUSED_FUNCTION = YES;
				GCC_WARN_UNUSED_VARIABLE = YES;
				IPHONEOS_DEPLOYMENT_TARGET = 12.1;
				MTL_ENABLE_DEBUG_INFO = NO;
				MTL_FAST_MATH = YES;
				SDKROOT = iphoneos;
				VALIDATE_PRODUCT = YES;
			};
			name = Release;
		};
		7A8332982277E14300493BA7 /* Debug */ = {
			isa = XCBuildConfiguration;
			baseConfigurationReference = 1585F8A18D2EA3333906E83F /* Pods-EchoVideo.debug.xcconfig */;
			buildSettings = {
				ASSETCATALOG_COMPILER_APPICON_NAME = AppIcon;
				CODE_SIGN_STYLE = Automatic;
				DEVELOPMENT_TEAM = ME369AXE67;
				INFOPLIST_FILE = EchoVideo/Info.plist;
				IPHONEOS_DEPLOYMENT_TARGET = 9.0;
				LD_RUNPATH_SEARCH_PATHS = (
					"$(inherited)",
					"@executable_path/Frameworks",
				);
				PRODUCT_BUNDLE_IDENTIFIER = com.luckybamboo.EchoVideo;
				PRODUCT_NAME = "$(TARGET_NAME)";
				TARGETED_DEVICE_FAMILY = "1,2";
			};
			name = Debug;
		};
		7A8332992277E14300493BA7 /* Release */ = {
			isa = XCBuildConfiguration;
			baseConfigurationReference = 9F150051DAC68DF6DD99F236 /* Pods-EchoVideo.release.xcconfig */;
			buildSettings = {
				ASSETCATALOG_COMPILER_APPICON_NAME = AppIcon;
				CODE_SIGN_STYLE = Automatic;
				DEVELOPMENT_TEAM = ME369AXE67;
				INFOPLIST_FILE = EchoVideo/Info.plist;
				IPHONEOS_DEPLOYMENT_TARGET = 9.0;
				LD_RUNPATH_SEARCH_PATHS = (
					"$(inherited)",
					"@executable_path/Frameworks",
				);
				PRODUCT_BUNDLE_IDENTIFIER = com.luckybamboo.EchoVideo;
				PRODUCT_NAME = "$(TARGET_NAME)";
				TARGETED_DEVICE_FAMILY = "1,2";
			};
			name = Release;
		};
/* End XCBuildConfiguration section */

/* Begin XCConfigurationList section */
		7A83327C2277E14200493BA7 /* Build configuration list for PBXProject "EchoVideo" */ = {
			isa = XCConfigurationList;
			buildConfigurations = (
				7A8332952277E14300493BA7 /* Debug */,
				7A8332962277E14300493BA7 /* Release */,
			);
			defaultConfigurationIsVisible = 0;
			defaultConfigurationName = Release;
		};
		7A8332972277E14300493BA7 /* Build configuration list for PBXNativeTarget "EchoVideo" */ = {
			isa = XCConfigurationList;
			buildConfigurations = (
				7A8332982277E14300493BA7 /* Debug */,
				7A8332992277E14300493BA7 /* Release */,
			);
			defaultConfigurationIsVisible = 0;
			defaultConfigurationName = Release;
		};
/* End XCConfigurationList section */
	};
	rootObject = 7A8332792277E14200493BA7 /* Project object */;
}
